// !$*UTF8*$!
{
	archiveVersion = 1;
	classes = {
	};
	objectVersion = 50;
	objects = {

/* Begin PBXBuildFile section */
		119C656222591F450093B218 /* AppDelegate.m in Sources */ = {isa = PBXBuildFile; fileRef = 119C656122591F450093B218 /* AppDelegate.m */; };
		119C656522591F450093B218 /* ViewController.m in Sources */ = {isa = PBXBuildFile; fileRef = 119C656422591F450093B218 /* ViewController.m */; };
		119C656822591F450093B218 /* Main.storyboard in Resources */ = {isa = PBXBuildFile; fileRef = 119C656622591F450093B218 /* Main.storyboard */; };
		119C656A22591F460093B218 /* Assets.xcassets in Resources */ = {isa = PBXBuildFile; fileRef = 119C656922591F460093B218 /* Assets.xcassets */; };
		119C656D22591F460093B218 /* LaunchScreen.storyboard in Resources */ = {isa = PBXBuildFile; fileRef = 119C656B22591F460093B218 /* LaunchScreen.storyboard */; };
		119C657022591F460093B218 /* main.m in Sources */ = {isa = PBXBuildFile; fileRef = 119C656F22591F460093B218 /* main.m */; };
		119C65782259232B0093B218 /* ParentClass.m in Sources */ = {isa = PBXBuildFile; fileRef = 119C65772259232B0093B218 /* ParentClass.m */; };
/* End PBXBuildFile section */

/* Begin PBXFileReference section */
		119C655D22591F450093B218 /* Functions Test.app */ = {isa = PBXFileReference; explicitFileType = wrapper.application; includeInIndex = 0; path = "Functions Test.app"; sourceTree = BUILT_PRODUCTS_DIR; };
		119C656022591F450093B218 /* AppDelegate.h */ = {isa = PBXFileReference; lastKnownFileType = sourcecode.c.h; path = AppDelegate.h; sourceTree = "<group>"; };
		119C656122591F450093B218 /* AppDelegate.m */ = {isa = PBXFileReference; lastKnownFileType = sourcecode.c.objc; path = AppDelegate.m; sourceTree = "<group>"; };
		119C656322591F450093B218 /* ViewController.h */ = {isa = PBXFileReference; lastKnownFileType = sourcecode.c.h; path = ViewController.h; sourceTree = "<group>"; };
		119C656422591F450093B218 /* ViewController.m */ = {isa = PBXFileReference; lastKnownFileType = sourcecode.c.objc; path = ViewController.m; sourceTree = "<group>"; };
		119C656722591F450093B218 /* Base */ = {isa = PBXFileReference; lastKnownFileType = file.storyboard; name = Base; path = Base.lproj/Main.storyboard; sourceTree = "<group>"; };
		119C656922591F460093B218 /* Assets.xcassets */ = {isa = PBXFileReference; lastKnownFileType = folder.assetcatalog; path = Assets.xcassets; sourceTree = "<group>"; };
		119C656C22591F460093B218 /* Base */ = {isa = PBXFileReference; lastKnownFileType = file.storyboard; name = Base; path = Base.lproj/LaunchScreen.storyboard; sourceTree = "<group>"; };
		119C656E22591F460093B218 /* Info.plist */ = {isa = PBXFileReference; lastKnownFileType = text.plist.xml; path = Info.plist; sourceTree = "<group>"; };
		119C656F22591F460093B218 /* main.m */ = {isa = PBXFileReference; lastKnownFileType = sourcecode.c.objc; path = main.m; sourceTree = "<group>"; };
		119C65762259232B0093B218 /* ParentClass.h */ = {isa = PBXFileReference; lastKnownFileType = sourcecode.c.h; path = ParentClass.h; sourceTree = "<group>"; };
		119C65772259232B0093B218 /* ParentClass.m */ = {isa = PBXFileReference; lastKnownFileType = sourcecode.c.objc; path = ParentClass.m; sourceTree = "<group>"; };
/* End PBXFileReference section */

/* Begin PBXFrameworksBuildPhase section */
		119C655A22591F450093B218 /* Frameworks */ = {
			isa = PBXFrameworksBuildPhase;
			buildActionMask = 2147483647;
			files = (
			);
			runOnlyForDeploymentPostprocessing = 0;
		};
/* End PBXFrameworksBuildPhase section */

/* Begin PBXGroup section */
		119C655422591F450093B218 = {
			isa = PBXGroup;
			children = (
				119C655F22591F450093B218 /* Functions Test */,
				119C655E22591F450093B218 /* Products */,
			);
			sourceTree = "<group>";
		};
		119C655E22591F450093B218 /* Products */ = {
			isa = PBXGroup;
			children = (
				119C655D22591F450093B218 /* Functions Test.app */,
			);
			name = Products;
			sourceTree = "<group>";
		};
		119C655F22591F450093B218 /* Functions Test */ = {
			isa = PBXGroup;
			children = (
				119C65762259232B0093B218 /* ParentClass.h */,
				119C65772259232B0093B218 /* ParentClass.m */,
				119C656022591F450093B218 /* AppDelegate.h */,
				119C656122591F450093B218 /* AppDelegate.m */,
				119C656322591F450093B218 /* ViewController.h */,
				119C656422591F450093B218 /* ViewController.m */,
				119C656622591F450093B218 /* Main.storyboard */,
				119C656922591F460093B218 /* Assets.xcassets */,
				119C656B22591F460093B218 /* LaunchScreen.storyboard */,
				119C656E22591F460093B218 /* Info.plist */,
				119C656F22591F460093B218 /* main.m */,
			);
			path = "Functions Test";
			sourceTree = "<group>";
		};
/* End PBXGroup section */

/* Begin PBXNativeTarget section */
		119C655C22591F450093B218 /* Functions Test */ = {
			isa = PBXNativeTarget;
			buildConfigurationList = 119C657322591F460093B218 /* Build configuration list for PBXNativeTarget "Functions Test" */;
			buildPhases = (
				119C655922591F450093B218 /* Sources */,
				119C655A22591F450093B218 /* Frameworks */,
				119C655B22591F450093B218 /* Resources */,
			);
			buildRules = (
			);
			dependencies = (
			);
			name = "Functions Test";
			productName = "Functions Test";
			productReference = 119C655D22591F450093B218 /* Functions Test.app */;
			productType = "com.apple.product-type.application";
		};
/* End PBXNativeTarget section */

/* Begin PBXProject section */
		119C655522591F450093B218 /* Project object */ = {
			isa = PBXProject;
			attributes = {
				LastUpgradeCheck = 1020;
				ORGANIZATIONNAME = Oleksandra;
				TargetAttributes = {
					119C655C22591F450093B218 = {
						CreatedOnToolsVersion = 10.2;
					};
				};
			};
			buildConfigurationList = 119C655822591F450093B218 /* Build configuration list for PBXProject "Functions Test" */;
			compatibilityVersion = "Xcode 9.3";
			developmentRegion = en;
			hasScannedForEncodings = 0;
			knownRegions = (
				en,
				Base,
			);
			mainGroup = 119C655422591F450093B218;
			productRefGroup = 119C655E22591F450093B218 /* Products */;
			projectDirPath = "";
			projectRoot = "";
			targets = (
				119C655C22591F450093B218 /* Functions Test */,
			);
		};
/* End PBXProject section */

/* Begin PBXResourcesBuildPhase section */
		119C655B22591F450093B218 /* Resources */ = {
			isa = PBXResourcesBuildPhase;
			buildActionMask = 2147483647;
			files = (
				119C656D22591F460093B218 /* LaunchScreen.storyboard in Resources */,
				119C656A22591F460093B218 /* Assets.xcassets in Resources */,
				119C656822591F450093B218 /* Main.storyboard in Resources */,
			);
			runOnlyForDeploymentPostprocessing = 0;
		};
/* End PBXResourcesBuildPhase section */

/* Begin PBXSourcesBuildPhase section */
		119C655922591F450093B218 /* Sources */ = {
			isa = PBXSourcesBuildPhase;
			buildActionMask = 2147483647;
			files = (
				119C65782259232B0093B218 /* ParentClass.m in Sources */,
				119C656522591F450093B218 /* ViewController.m in Sources */,
				119C657022591F460093B218 /* main.m in Sources */,
				119C656222591F450093B218 /* AppDelegate.m in Sources */,
			);
			runOnlyForDeploymentPostprocessing = 0;
		};
/* End PBXSourcesBuildPhase section */

/* Begin PBXVariantGroup section */
		119C656622591F450093B218 /* Main.storyboard */ = {
			isa = PBXVariantGroup;
			children = (
				119C656722591F450093B218 /* Base */,
			);
			name = Main.storyboard;
			sourceTree = "<group>";
		};
		119C656B22591F460093B218 /* LaunchScreen.storyboard */ = {
			isa = PBXVariantGroup;
			children = (
				119C656C22591F460093B218 /* Base */,
			);
			name = LaunchScreen.storyboard;
			sourceTree = "<group>";
		};
/* End PBXVariantGroup section */

/* Begin XCBuildConfiguration section */
		119C657122591F460093B218 /* Debug */ = {
			isa = XCBuildConfiguration;
			buildSettings = {
				ALWAYS_SEARCH_USER_PATHS = NO;
				CLANG_ANALYZER_NONNULL = YES;
				CLANG_ANALYZER_NUMBER_OBJECT_CONVERSION = YES_AGGRESSIVE;
				CLANG_CXX_LANGUAGE_STANDARD = "gnu++14";
				CLANG_CXX_LIBRARY = "libc++";
				CLANG_ENABLE_MODULES = YES;
				CLANG_ENABLE_OBJC_ARC = YES;
				CLANG_ENABLE_OBJC_WEAK = YES;
				CLANG_WARN_BLOCK_CAPTURE_AUTORELEASING = YES;
				CLANG_WARN_BOOL_CONVERSION = YES;
				CLANG_WARN_COMMA = YES;
				CLANG_WARN_CONSTANT_CONVERSION = YES;
				CLANG_WARN_DEPRECATED_OBJC_IMPLEMENTATIONS = YES;
				CLANG_WARN_DIRECT_OBJC_ISA_USAGE = YES_ERROR;
				CLANG_WARN_DOCUMENTATION_COMMENTS = YES;
				CLANG_WARN_EMPTY_BODY = YES;
				CLANG_WARN_ENUM_CONVERSION = YES;
				CLANG_WARN_INFINITE_RECURSION = YES;
				CLANG_WARN_INT_CONVERSION = YES;
				CLANG_WARN_NON_LITERAL_NULL_CONVERSION = YES;
				CLANG_WARN_OBJC_IMPLICIT_RETAIN_SELF = YES;
				CLANG_WARN_OBJC_LITERAL_CONVERSION = YES;
				CLANG_WARN_OBJC_ROOT_CLASS = YES_ERROR;
				CLANG_WARN_RANGE_LOOP_ANALYSIS = YES;
				CLANG_WARN_STRICT_PROTOTYPES = YES;
				CLANG_WARN_SUSPICIOUS_MOVE = YES;
				CLANG_WARN_UNGUARDED_AVAILABILITY = YES_AGGRESSIVE;
				CLANG_WARN_UNREACHABLE_CODE = YES;
				CLANG_WARN__DUPLICATE_METHOD_MATCH = YES;
				CODE_SIGN_IDENTITY = "iPhone Developer";
				COPY_PHASE_STRIP = NO;
				DEBUG_INFORMATION_FORMAT = dwarf;
				ENABLE_STRICT_OBJC_MSGSEND = YES;
				ENABLE_TESTABILITY = YES;
				GCC_C_LANGUAGE_STANDARD = gnu11;
				GCC_DYNAMIC_NO_PIC = NO;
				GCC_NO_COMMON_BLOCKS = YES;
				GCC_OPTIMIZATION_LEVEL = 0;
				GCC_PREPROCESSOR_DEFINITIONS = (
					"DEBUG=1",
					"$(inherited)",
				);
				GCC_WARN_64_TO_32_BIT_CONVERSION = YES;
				GCC_WARN_ABOUT_RETURN_TYPE = YES_ERROR;
				GCC_WARN_UNDECLARED_SELECTOR = YES;
				GCC_WARN_UNINITIALIZED_AUTOS = YES_AGGRESSIVE;
				GCC_WARN_UNUSED_FUNCTION = YES;
				GCC_WARN_UNUSED_VARIABLE = YES;
				IPHONEOS_DEPLOYMENT_TARGET = 12.2;
				MTL_ENABLE_DEBUG_INFO = INCLUDE_SOURCE;
				MTL_FAST_MATH = YES;
				ONLY_ACTIVE_ARCH = YES;
				SDKROOT = iphoneos;
			};
			name = Debug;
		};
		119C657222591F460093B218 /* Release */ = {
			isa = XCBuildConfiguration;
			buildSettings = {
				ALWAYS_SEARCH_USER_PATHS = NO;
				CLANG_ANALYZER_NONNULL = YES;
				CLANG_ANALYZER_NUMBER_OBJECT_CONVERSION = YES_AGGRESSIVE;
				CLANG_CXX_LANGUAGE_STANDARD = "gnu++14";
				CLANG_CXX_LIBRARY = "libc++";
				CLANG_ENABLE_MODULES = YES;
				CLANG_ENABLE_OBJC_ARC = YES;
				CLANG_ENABLE_OBJC_WEAK = YES;
				CLANG_WARN_BLOCK_CAPTURE_AUTORELEASING = YES;
				CLANG_WARN_BOOL_CONVERSION = YES;
				CLANG_WARN_COMMA = YES;
				CLANG_WARN_CONSTANT_CONVERSION = YES;
				CLANG_WARN_DEPRECATED_OBJC_IMPLEMENTATIONS = YES;
				CLANG_WARN_DIRECT_OBJC_ISA_USAGE = YES_ERROR;
				CLANG_WARN_DOCUMENTATION_COMMENTS = YES;
				CLANG_WARN_EMPTY_BODY = YES;
				CLANG_WARN_ENUM_CONVERSION = YES;
				CLANG_WARN_INFINITE_RECURSION = YES;
				CLANG_WARN_INT_CONVERSION = YES;
				CLANG_WARN_NON_LITERAL_NULL_CONVERSION = YES;
				CLANG_WARN_OBJC_IMPLICIT_RETAIN_SELF = YES;
				CLANG_WARN_OBJC_LITERAL_CONVERSION = YES;
				CLANG_WARN_OBJC_ROOT_CLASS = YES_ERROR;
				CLANG_WARN_RANGE_LOOP_ANALYSIS = YES;
				CLANG_WARN_STRICT_PROTOTYPES = YES;
				CLANG_WARN_SUSPICIOUS_MOVE = YES;
				CLANG_WARN_UNGUARDED_AVAILABILITY = YES_AGGRESSIVE;
				CLANG_WARN_UNREACHABLE_CODE = YES;
				CLANG_WARN__DUPLICATE_METHOD_MATCH = YES;
				CODE_SIGN_IDENTITY = "iPhone Developer";
				COPY_PHASE_STRIP = NO;
				DEBUG_INFORMATION_FORMAT = "dwarf-with-dsym";
				ENABLE_NS_ASSERTIONS = NO;
				ENABLE_STRICT_OBJC_MSGSEND = YES;
				GCC_C_LANGUAGE_STANDARD = gnu11;
				GCC_NO_COMMON_BLOCKS = YES;
				GCC_WARN_64_TO_32_BIT_CONVERSION = YES;
				GCC_WARN_ABOUT_RETURN_TYPE = YES_ERROR;
				GCC_WARN_UNDECLARED_SELECTOR = YES;
				GCC_WARN_UNINITIALIZED_AUTOS = YES_AGGRESSIVE;
				GCC_WARN_UNUSED_FUNCTION = YES;
				GCC_WARN_UNUSED_VARIABLE = YES;
				IPHONEOS_DEPLOYMENT_TARGET = 12.2;
				MTL_ENABLE_DEBUG_INFO = NO;
				MTL_FAST_MATH = YES;
				SDKROOT = iphoneos;
				VALIDATE_PRODUCT = YES;
			};
			name = Release;
		};
		119C657422591F460093B218 /* Debug */ = {
			isa = XCBuildConfiguration;
			buildSettings = {
				ASSETCATALOG_COMPILER_APPICON_NAME = AppIcon;
				CODE_SIGN_STYLE = Manual;
				DEVELOPMENT_TEAM = "";
				INFOPLIST_FILE = "Functions Test/Info.plist";
				LD_RUNPATH_SEARCH_PATHS = (
					"$(inherited)",
					"@executable_path/Frameworks",
				);
				PRODUCT_BUNDLE_IDENTIFIER = "oleksandra.Functions-Test";
				PRODUCT_NAME = "$(TARGET_NAME)";
				PROVISIONING_PROFILE_SPECIFIER = "";
				TARGETED_DEVICE_FAMILY = "1,2";
			};
			name = Debug;
		};
		119C657522591F460093B218 /* Release */ = {
			isa = XCBuildConfiguration;
			buildSettings = {
				ASSETCATALOG_COMPILER_APPICON_NAME = AppIcon;
				CODE_SIGN_STYLE = Manual;
				DEVELOPMENT_TEAM = "";
				INFOPLIST_FILE = "Functions Test/Info.plist";
				LD_RUNPATH_SEARCH_PATHS = (
					"$(inherited)",
					"@executable_path/Frameworks",
				);
				PRODUCT_BUNDLE_IDENTIFIER = "oleksandra.Functions-Test";
				PRODUCT_NAME = "$(TARGET_NAME)";
				PROVISIONING_PROFILE_SPECIFIER = "";
				TARGETED_DEVICE_FAMILY = "1,2";
			};
			name = Release;
		};
/* End XCBuildConfiguration section */

/* Begin XCConfigurationList section */
		119C655822591F450093B218 /* Build configuration list for PBXProject "Functions Test" */ = {
			isa = XCConfigurationList;
			buildConfigurations = (
				119C657122591F460093B218 /* Debug */,
				119C657222591F460093B218 /* Release */,
			);
			defaultConfigurationIsVisible = 0;
			defaultConfigurationName = Release;
		};
		119C657322591F460093B218 /* Build configuration list for PBXNativeTarget "Functions Test" */ = {
			isa = XCConfigurationList;
			buildConfigurations = (
				119C657422591F460093B218 /* Debug */,
				119C657522591F460093B218 /* Release */,
			);
			defaultConfigurationIsVisible = 0;
			defaultConfigurationName = Release;
		};
/* End XCConfigurationList section */
	};
	rootObject = 119C655522591F450093B218 /* Project object */;
}
